// !$*UTF8*$!
{
	archiveVersion = 1;
	classes = {
	};
	objectVersion = 46;
	objects = {

/* Begin PBXBuildFile section */
		AC824A10190D501600743D80 /* Foundation.framework in Frameworks */ = {isa = PBXBuildFile; fileRef = AC824A0F190D501600743D80 /* Foundation.framework */; };
		AC824A12190D501600743D80 /* CoreGraphics.framework in Frameworks */ = {isa = PBXBuildFile; fileRef = AC824A11190D501600743D80 /* CoreGraphics.framework */; };
		AC824A14190D501600743D80 /* UIKit.framework in Frameworks */ = {isa = PBXBuildFile; fileRef = AC824A13190D501600743D80 /* UIKit.framework */; };
		AC824A1A190D501600743D80 /* InfoPlist.strings in Resources */ = {isa = PBXBuildFile; fileRef = AC824A18190D501600743D80 /* InfoPlist.strings */; };
		AC824A1C190D501600743D80 /* main.m in Sources */ = {isa = PBXBuildFile; fileRef = AC824A1B190D501600743D80 /* main.m */; };
		AC824A20190D501600743D80 /* ZDZAppDelegate.m in Sources */ = {isa = PBXBuildFile; fileRef = AC824A1F190D501600743D80 /* ZDZAppDelegate.m */; };
		AC824A23190D501600743D80 /* Main.storyboard in Resources */ = {isa = PBXBuildFile; fileRef = AC824A21190D501600743D80 /* Main.storyboard */; };
		AC824A26190D501600743D80 /* ZDZViewController.m in Sources */ = {isa = PBXBuildFile; fileRef = AC824A25190D501600743D80 /* ZDZViewController.m */; };
		AC824A28190D501600743D80 /* Images.xcassets in Resources */ = {isa = PBXBuildFile; fileRef = AC824A27190D501600743D80 /* Images.xcassets */; };
		AC824A2F190D501600743D80 /* XCTest.framework in Frameworks */ = {isa = PBXBuildFile; fileRef = AC824A2E190D501600743D80 /* XCTest.framework */; };
		AC824A30190D501600743D80 /* Foundation.framework in Frameworks */ = {isa = PBXBuildFile; fileRef = AC824A0F190D501600743D80 /* Foundation.framework */; };
		AC824A31190D501600743D80 /* UIKit.framework in Frameworks */ = {isa = PBXBuildFile; fileRef = AC824A13190D501600743D80 /* UIKit.framework */; };
		AC824A39190D501600743D80 /* InfoPlist.strings in Resources */ = {isa = PBXBuildFile; fileRef = AC824A37190D501600743D80 /* InfoPlist.strings */; };
		AC824A3B190D501600743D80 /* HelloWorldTests.m in Sources */ = {isa = PBXBuildFile; fileRef = AC824A3A190D501600743D80 /* HelloWorldTests.m */; };
/* End PBXBuildFile section */

/* Begin PBXContainerItemProxy section */
		AC824A32190D501600743D80 /* PBXContainerItemProxy */ = {
			isa = PBXContainerItemProxy;
			containerPortal = AC824A04190D501600743D80 /* Project object */;
			proxyType = 1;
			remoteGlobalIDString = AC824A0B190D501600743D80;
			remoteInfo = HelloWorld;
		};
/* End PBXContainerItemProxy section */

/* Begin PBXFileReference section */
		AC824A0C190D501600743D80 /* HelloWorld.app */ = {isa = PBXFileReference; explicitFileType = wrapper.application; includeInIndex = 0; path = HelloWorld.app; sourceTree = BUILT_PRODUCTS_DIR; };
		AC824A0F190D501600743D80 /* Foundation.framework */ = {isa = PBXFileReference; lastKnownFileType = wrapper.framework; name = Foundation.framework; path = System/Library/Frameworks/Foundation.framework; sourceTree = SDKROOT; };
		AC824A11190D501600743D80 /* CoreGraphics.framework */ = {isa = PBXFileReference; lastKnownFileType = wrapper.framework; name = CoreGraphics.framework; path = System/Library/Frameworks/CoreGraphics.framework; sourceTree = SDKROOT; };
		AC824A13190D501600743D80 /* UIKit.framework */ = {isa = PBXFileReference; lastKnownFileType = wrapper.framework; name = UIKit.framework; path = System/Library/Frameworks/UIKit.framework; sourceTree = SDKROOT; };
		AC824A17190D501600743D80 /* HelloWorld-Info.plist */ = {isa = PBXFileReference; lastKnownFileType = text.plist.xml; path = "HelloWorld-Info.plist"; sourceTree = "<group>"; };
		AC824A19190D501600743D80 /* en */ = {isa = PBXFileReference; lastKnownFileType = text.plist.strings; name = en; path = en.lproj/InfoPlist.strings; sourceTree = "<group>"; };
		AC824A1B190D501600743D80 /* main.m */ = {isa = PBXFileReference; lastKnownFileType = sourcecode.c.objc; path = main.m; sourceTree = "<group>"; };
		AC824A1D190D501600743D80 /* HelloWorld-Prefix.pch */ = {isa = PBXFileReference; lastKnownFileType = sourcecode.c.h; path = "HelloWorld-Prefix.pch"; sourceTree = "<group>"; };
		AC824A1E190D501600743D80 /* ZDZAppDelegate.h */ = {isa = PBXFileReference; lastKnownFileType = sourcecode.c.h; path = ZDZAppDelegate.h; sourceTree = "<group>"; };
		AC824A1F190D501600743D80 /* ZDZAppDelegate.m */ = {isa = PBXFileReference; lastKnownFileType = sourcecode.c.objc; path = ZDZAppDelegate.m; sourceTree = "<group>"; };
		AC824A22190D501600743D80 /* Base */ = {isa = PBXFileReference; lastKnownFileType = file.storyboard; name = Base; path = Base.lproj/Main.storyboard; sourceTree = "<group>"; };
		AC824A24190D501600743D80 /* ZDZViewController.h */ = {isa = PBXFileReference; lastKnownFileType = sourcecode.c.h; path = ZDZViewController.h; sourceTree = "<group>"; };
		AC824A25190D501600743D80 /* ZDZViewController.m */ = {isa = PBXFileReference; lastKnownFileType = sourcecode.c.objc; path = ZDZViewController.m; sourceTree = "<group>"; };
		AC824A27190D501600743D80 /* Images.xcassets */ = {isa = PBXFileReference; lastKnownFileType = folder.assetcatalog; path = Images.xcassets; sourceTree = "<group>"; };
		AC824A2D190D501600743D80 /* HelloWorldTests.xctest */ = {isa = PBXFileReference; explicitFileType = wrapper.cfbundle; includeInIndex = 0; path = HelloWorldTests.xctest; sourceTree = BUILT_PRODUCTS_DIR; };
		AC824A2E190D501600743D80 /* XCTest.framework */ = {isa = PBXFileReference; lastKnownFileType = wrapper.framework; name = XCTest.framework; path = Library/Frameworks/XCTest.framework; sourceTree = DEVELOPER_DIR; };
		AC824A36190D501600743D80 /* HelloWorldTests-Info.plist */ = {isa = PBXFileReference; lastKnownFileType = text.plist.xml; path = "HelloWorldTests-Info.plist"; sourceTree = "<group>"; };
		AC824A38190D501600743D80 /* en */ = {isa = PBXFileReference; lastKnownFileType = text.plist.strings; name = en; path = en.lproj/InfoPlist.strings; sourceTree = "<group>"; };
		AC824A3A190D501600743D80 /* HelloWorldTests.m */ = {isa = PBXFileReference; lastKnownFileType = sourcecode.c.objc; path = HelloWorldTests.m; sourceTree = "<group>"; };
/* End PBXFileReference section */

/* Begin PBXFrameworksBuildPhase section */
		AC824A09190D501600743D80 /* Frameworks */ = {
			isa = PBXFrameworksBuildPhase;
			buildActionMask = 2147483647;
			files = (
				AC824A12190D501600743D80 /* CoreGraphics.framework in Frameworks */,
				AC824A14190D501600743D80 /* UIKit.framework in Frameworks */,
				AC824A10190D501600743D80 /* Foundation.framework in Frameworks */,
			);
			runOnlyForDeploymentPostprocessing = 0;
		};
		AC824A2A190D501600743D80 /* Frameworks */ = {
			isa = PBXFrameworksBuildPhase;
			buildActionMask = 2147483647;
			files = (
				AC824A2F190D501600743D80 /* XCTest.framework in Frameworks */,
				AC824A31190D501600743D80 /* UIKit.framework in Frameworks */,
				AC824A30190D501600743D80 /* Foundation.framework in Frameworks */,
			);
			runOnlyForDeploymentPostprocessing = 0;
		};
/* End PBXFrameworksBuildPhase section */

/* Begin PBXGroup section */
		AC824A03190D501600743D80 = {
			isa = PBXGroup;
			children = (
				AC824A15190D501600743D80 /* HelloWorld */,
				AC824A34190D501600743D80 /* HelloWorldTests */,
				AC824A0E190D501600743D80 /* Frameworks */,
				AC824A0D190D501600743D80 /* Products */,
			);
			sourceTree = "<group>";
		};
		AC824A0D190D501600743D80 /* Products */ = {
			isa = PBXGroup;
			children = (
				AC824A0C190D501600743D80 /* HelloWorld.app */,
				AC824A2D190D501600743D80 /* HelloWorldTests.xctest */,
			);
			name = Products;
			sourceTree = "<group>";
		};
		AC824A0E190D501600743D80 /* Frameworks */ = {
			isa = PBXGroup;
			children = (
				AC824A0F190D501600743D80 /* Foundation.framework */,
				AC824A11190D501600743D80 /* CoreGraphics.framework */,
				AC824A13190D501600743D80 /* UIKit.framework */,
				AC824A2E190D501600743D80 /* XCTest.framework */,
			);
			name = Frameworks;
			sourceTree = "<group>";
		};
		AC824A15190D501600743D80 /* HelloWorld */ = {
			isa = PBXGroup;
			children = (
				AC824A1E190D501600743D80 /* ZDZAppDelegate.h */,
				AC824A1F190D501600743D80 /* ZDZAppDelegate.m */,
				AC824A21190D501600743D80 /* Main.storyboard */,
				AC824A24190D501600743D80 /* ZDZViewController.h */,
				AC824A25190D501600743D80 /* ZDZViewController.m */,
				AC824A27190D501600743D80 /* Images.xcassets */,
				AC824A16190D501600743D80 /* Supporting Files */,
			);
			path = HelloWorld;
			sourceTree = "<group>";
		};
		AC824A16190D501600743D80 /* Supporting Files */ = {
			isa = PBXGroup;
			children = (
				AC824A17190D501600743D80 /* HelloWorld-Info.plist */,
				AC824A18190D501600743D80 /* InfoPlist.strings */,
				AC824A1B190D501600743D80 /* main.m */,
				AC824A1D190D501600743D80 /* HelloWorld-Prefix.pch */,
			);
			name = "Supporting Files";
			sourceTree = "<group>";
		};
		AC824A34190D501600743D80 /* HelloWorldTests */ = {
			isa = PBXGroup;
			children = (
				AC824A3A190D501600743D80 /* HelloWorldTests.m */,
				AC824A35190D501600743D80 /* Supporting Files */,
			);
			path = HelloWorldTests;
			sourceTree = "<group>";
		};
		AC824A35190D501600743D80 /* Supporting Files */ = {
			isa = PBXGroup;
			children = (
				AC824A36190D501600743D80 /* HelloWorldTests-Info.plist */,
				AC824A37190D501600743D80 /* InfoPlist.strings */,
			);
			name = "Supporting Files";
			sourceTree = "<group>";
		};
/* End PBXGroup section */

/* Begin PBXNativeTarget section */
		AC824A0B190D501600743D80 /* HelloWorld */ = {
			isa = PBXNativeTarget;
			buildConfigurationList = AC824A3E190D501600743D80 /* Build configuration list for PBXNativeTarget "HelloWorld" */;
			buildPhases = (
				AC824A08190D501600743D80 /* Sources */,
				AC824A09190D501600743D80 /* Frameworks */,
				AC824A0A190D501600743D80 /* Resources */,
			);
			buildRules = (
			);
			dependencies = (
			);
			name = HelloWorld;
			productName = HelloWorld;
			productReference = AC824A0C190D501600743D80 /* HelloWorld.app */;
			productType = "com.apple.product-type.application";
		};
		AC824A2C190D501600743D80 /* HelloWorldTests */ = {
			isa = PBXNativeTarget;
			buildConfigurationList = AC824A41190D501600743D80 /* Build configuration list for PBXNativeTarget "HelloWorldTests" */;
			buildPhases = (
				AC824A29190D501600743D80 /* Sources */,
				AC824A2A190D501600743D80 /* Frameworks */,
				AC824A2B190D501600743D80 /* Resources */,
			);
			buildRules = (
			);
			dependencies = (
				AC824A33190D501600743D80 /* PBXTargetDependency */,
			);
			name = HelloWorldTests;
			productName = HelloWorldTests;
			productReference = AC824A2D190D501600743D80 /* HelloWorldTests.xctest */;
			productType = "com.apple.product-type.bundle.unit-test";
		};
/* End PBXNativeTarget section */

/* Begin PBXProject section */
		AC824A04190D501600743D80 /* Project object */ = {
			isa = PBXProject;
			attributes = {
				CLASSPREFIX = ZDZ;
				LastUpgradeCheck = 0500;
				ORGANIZATIONNAME = zengdz;
				TargetAttributes = {
					AC824A2C190D501600743D80 = {
						TestTargetID = AC824A0B190D501600743D80;
					};
				};
			};
			buildConfigurationList = AC824A07190D501600743D80 /* Build configuration list for PBXProject "HelloWorld" */;
			compatibilityVersion = "Xcode 3.2";
			developmentRegion = English;
			hasScannedForEncodings = 0;
			knownRegions = (
				en,
				Base,
			);
			mainGroup = AC824A03190D501600743D80;
			productRefGroup = AC824A0D190D501600743D80 /* Products */;
			projectDirPath = "";
			projectRoot = "";
			targets = (
				AC824A0B190D501600743D80 /* HelloWorld */,
				AC824A2C190D501600743D80 /* HelloWorldTests */,
			);
		};
/* End PBXProject section */

/* Begin PBXResourcesBuildPhase section */
		AC824A0A190D501600743D80 /* Resources */ = {
			isa = PBXResourcesBuildPhase;
			buildActionMask = 2147483647;
			files = (
				AC824A28190D501600743D80 /* Images.xcassets in Resources */,
				AC824A1A190D501600743D80 /* InfoPlist.strings in Resources */,
				AC824A23190D501600743D80 /* Main.storyboard in Resources */,
			);
			runOnlyForDeploymentPostprocessing = 0;
		};
		AC824A2B190D501600743D80 /* Resources */ = {
			isa = PBXResourcesBuildPhase;
			buildActionMask = 2147483647;
			files = (
				AC824A39190D501600743D80 /* InfoPlist.strings in Resources */,
			);
			runOnlyForDeploymentPostprocessing = 0;
		};
/* End PBXResourcesBuildPhase section */

/* Begin PBXSourcesBuildPhase section */
		AC824A08190D501600743D80 /* Sources */ = {
			isa = PBXSourcesBuildPhase;
			buildActionMask = 2147483647;
			files = (
				AC824A1C190D501600743D80 /* main.m in Sources */,
				AC824A20190D501600743D80 /* ZDZAppDelegate.m in Sources */,
				AC824A26190D501600743D80 /* ZDZViewController.m in Sources */,
			);
			runOnlyForDeploymentPostprocessing = 0;
		};
		AC824A29190D501600743D80 /* Sources */ = {
			isa = PBXSourcesBuildPhase;
			buildActionMask = 2147483647;
			files = (
				AC824A3B190D501600743D80 /* HelloWorldTests.m in Sources */,
			);
			runOnlyForDeploymentPostprocessing = 0;
		};
/* End PBXSourcesBuildPhase section */

/* Begin PBXTargetDependency section */
		AC824A33190D501600743D80 /* PBXTargetDependency */ = {
			isa = PBXTargetDependency;
			target = AC824A0B190D501600743D80 /* HelloWorld */;
			targetProxy = AC824A32190D501600743D80 /* PBXContainerItemProxy */;
		};
/* End PBXTargetDependency section */

/* Begin PBXVariantGroup section */
		AC824A18190D501600743D80 /* InfoPlist.strings */ = {
			isa = PBXVariantGroup;
			children = (
				AC824A19190D501600743D80 /* en */,
			);
			name = InfoPlist.strings;
			sourceTree = "<group>";
		};
		AC824A21190D501600743D80 /* Main.storyboard */ = {
			isa = PBXVariantGroup;
			children = (
				AC824A22190D501600743D80 /* Base */,
			);
			name = Main.storyboard;
			sourceTree = "<group>";
		};
		AC824A37190D501600743D80 /* InfoPlist.strings */ = {
			isa = PBXVariantGroup;
			children = (
				AC824A38190D501600743D80 /* en */,
			);
			name = InfoPlist.strings;
			sourceTree = "<group>";
		};
/* End PBXVariantGroup section */

/* Begin XCBuildConfiguration section */
		AC824A3C190D501600743D80 /* Debug */ = {
			isa = XCBuildConfiguration;
			buildSettings = {
				ALWAYS_SEARCH_USER_PATHS = NO;
				ARCHS = "$(ARCHS_STANDARD_INCLUDING_64_BIT)";
				CLANG_CXX_LANGUAGE_STANDARD = "gnu++0x";
				CLANG_CXX_LIBRARY = "libc++";
				CLANG_ENABLE_MODULES = YES;
				CLANG_ENABLE_OBJC_ARC = YES;
				CLANG_WARN_BOOL_CONVERSION = YES;
				CLANG_WARN_CONSTANT_CONVERSION = YES;
				CLANG_WARN_DIRECT_OBJC_ISA_USAGE = YES_ERROR;
				CLANG_WARN_EMPTY_BODY = YES;
				CLANG_WARN_ENUM_CONVERSION = YES;
				CLANG_WARN_INT_CONVERSION = YES;
				CLANG_WARN_OBJC_ROOT_CLASS = YES_ERROR;
				CLANG_WARN__DUPLICATE_METHOD_MATCH = YES;
				"CODE_SIGN_IDENTITY[sdk=iphoneos*]" = "iPhone Developer";
				COPY_PHASE_STRIP = NO;
				GCC_C_LANGUAGE_STANDARD = gnu99;
				GCC_DYNAMIC_NO_PIC = NO;
				GCC_OPTIMIZATION_LEVEL = 0;
				GCC_PREPROCESSOR_DEFINITIONS = (
					"DEBUG=1",
					"$(inherited)",
				);
				GCC_SYMBOLS_PRIVATE_EXTERN = NO;
				GCC_WARN_64_TO_32_BIT_CONVERSION = YES;
				GCC_WARN_ABOUT_RETURN_TYPE = YES_ERROR;
				GCC_WARN_UNDECLARED_SELECTOR = YES;
				GCC_WARN_UNINITIALIZED_AUTOS = YES;
				GCC_WARN_UNUSED_FUNCTION = YES;
				GCC_WARN_UNUSED_VARIABLE = YES;
				IPHONEOS_DEPLOYMENT_TARGET = 7.0;
				ONLY_ACTIVE_ARCH = YES;
				SDKROOT = iphoneos;
			};
			name = Debug;
		};
		AC824A3D190D501600743D80 /* Release */ = {
			isa = XCBuildConfiguration;
			buildSettings = {
				ALWAYS_SEARCH_USER_PATHS = NO;
				ARCHS = "$(ARCHS_STANDARD_INCLUDING_64_BIT)";
				CLANG_CXX_LANGUAGE_STANDARD = "gnu++0x";
				CLANG_CXX_LIBRARY = "libc++";
				CLANG_ENABLE_MODULES = YES;
				CLANG_ENABLE_OBJC_ARC = YES;
				CLANG_WARN_BOOL_CONVERSION = YES;
				CLANG_WARN_CONSTANT_CONVERSION = YES;
				CLANG_WARN_DIRECT_OBJC_ISA_USAGE = YES_ERROR;
				CLANG_WARN_EMPTY_BODY = YES;
				CLANG_WARN_ENUM_CONVERSION = YES;
				CLANG_WARN_INT_CONVERSION = YES;
				CLANG_WARN_OBJC_ROOT_CLASS = YES_ERROR;
				CLANG_WARN__DUPLICATE_METHOD_MATCH = YES;
				"CODE_SIGN_IDENTITY[sdk=iphoneos*]" = "iPhone Developer";
				COPY_PHASE_STRIP = YES;
				ENABLE_NS_ASSERTIONS = NO;
				GCC_C_LANGUAGE_STANDARD = gnu99;
				GCC_WARN_64_TO_32_BIT_CONVERSION = YES;
				GCC_WARN_ABOUT_RETURN_TYPE = YES_ERROR;
				GCC_WARN_UNDECLARED_SELECTOR = YES;
				GCC_WARN_UNINITIALIZED_AUTOS = YES;
				GCC_WARN_UNUSED_FUNCTION = YES;
				GCC_WARN_UNUSED_VARIABLE = YES;
				IPHONEOS_DEPLOYMENT_TARGET = 7.0;
				SDKROOT = iphoneos;
				VALIDATE_PRODUCT = YES;
			};
			name = Release;
		};
		AC824A3F190D501600743D80 /* Debug */ = {
			isa = XCBuildConfiguration;
			buildSettings = {
				ASSETCATALOG_COMPILER_APPICON_NAME = AppIcon;
				ASSETCATALOG_COMPILER_LAUNCHIMAGE_NAME = LaunchImage;
				GCC_PRECOMPILE_PREFIX_HEADER = YES;
				GCC_PREFIX_HEADER = "HelloWorld/HelloWorld-Prefix.pch";
				INFOPLIST_FILE = "HelloWorld/HelloWorld-Info.plist";
				PRODUCT_NAME = "$(TARGET_NAME)";
				WRAPPER_EXTENSION = app;
			};
			name = Debug;
		};
		AC824A40190D501600743D80 /* Release */ = {
			isa = XCBuildConfiguration;
			buildSettings = {
				ASSETCATALOG_COMPILER_APPICON_NAME = AppIcon;
				ASSETCATALOG_COMPILER_LAUNCHIMAGE_NAME = LaunchImage;
				GCC_PRECOMPILE_PREFIX_HEADER = YES;
				GCC_PREFIX_HEADER = "HelloWorld/HelloWorld-Prefix.pch";
				INFOPLIST_FILE = "HelloWorld/HelloWorld-Info.plist";
				PRODUCT_NAME = "$(TARGET_NAME)";
				WRAPPER_EXTENSION = app;
			};
			name = Release;
		};
		AC824A42190D501600743D80 /* Debug */ = {
			isa = XCBuildConfiguration;
			buildSettings = {
				ARCHS = "$(ARCHS_STANDARD_INCLUDING_64_BIT)";
				BUNDLE_LOADER = "$(BUILT_PRODUCTS_DIR)/HelloWorld.app/HelloWorld";
				FRAMEWORK_SEARCH_PATHS = (
					"$(SDKROOT)/Developer/Library/Frameworks",
					"$(inherited)",
					"$(DEVELOPER_FRAMEWORKS_DIR)",
				);
				GCC_PRECOMPILE_PREFIX_HEADER = YES;
				GCC_PREFIX_HEADER = "HelloWorld/HelloWorld-Prefix.pch";
				GCC_PREPROCESSOR_DEFINITIONS = (
					"DEBUG=1",
					"$(inherited)",
				);
				INFOPLIST_FILE = "HelloWorldTests/HelloWorldTests-Info.plist";
				PRODUCT_NAME = "$(TARGET_NAME)";
				TEST_HOST = "$(BUNDLE_LOADER)";
				WRAPPER_EXTENSION = xctest;
			};
			name = Debug;
		};
		AC824A43190D501600743D80 /* Release */ = {
			isa = XCBuildConfiguration;
			buildSettings = {
				ARCHS = "$(ARCHS_STANDARD_INCLUDING_64_BIT)";
				BUNDLE_LOADER = "$(BUILT_PRODUCTS_DIR)/HelloWorld.app/HelloWorld";
				FRAMEWORK_SEARCH_PATHS = (
					"$(SDKROOT)/Developer/Library/Frameworks",
					"$(inherited)",
					"$(DEVELOPER_FRAMEWORKS_DIR)",
				);
				GCC_PRECOMPILE_PREFIX_HEADER = YES;
				GCC_PREFIX_HEADER = "HelloWorld/HelloWorld-Prefix.pch";
				INFOPLIST_FILE = "HelloWorldTests/HelloWorldTests-Info.plist";
				PRODUCT_NAME = "$(TARGET_NAME)";
				TEST_HOST = "$(BUNDLE_LOADER)";
				WRAPPER_EXTENSION = xctest;
			};
			name = Release;
		};
/* End XCBuildConfiguration section */

/* Begin XCConfigurationList section */
		AC824A07190D501600743D80 /* Build configuration list for PBXProject "HelloWorld" */ = {
			isa = XCConfigurationList;
			buildConfigurations = (
				AC824A3C190D501600743D80 /* Debug */,
				AC824A3D190D501600743D80 /* Release */,
			);
			defaultConfigurationIsVisible = 0;
			defaultConfigurationName = Release;
		};
		AC824A3E190D501600743D80 /* Build configuration list for PBXNativeTarget "HelloWorld" */ = {
			isa = XCConfigurationList;
			buildConfigurations = (
				AC824A3F190D501600743D80 /* Debug */,
				AC824A40190D501600743D80 /* Release */,
			);
			defaultConfigurationIsVisible = 0;
		};
		AC824A41190D501600743D80 /* Build configuration list for PBXNativeTarget "HelloWorldTests" */ = {
			isa = XCConfigurationList;
			buildConfigurations = (
				AC824A42190D501600743D80 /* Debug */,
				AC824A43190D501600743D80 /* Release */,
			);
			defaultConfigurationIsVisible = 0;
		};
/* End XCConfigurationList section */
	};
	rootObject = AC824A04190D501600743D80 /* Project object */;
}
